// !$*UTF8*$!
{
	archiveVersion = 1;
	classes = {
	};
	objectVersion = 50;
	objects = {

/* Begin PBXBuildFile section */
		87127E04242347140018EC1F /* EnemyNode.m in Sources */ = {isa = PBXBuildFile; fileRef = 87127E03242347140018EC1F /* EnemyNode.m */; };
		87127E07242347BC0018EC1F /* EnemySoldierNode.m in Sources */ = {isa = PBXBuildFile; fileRef = 87127E06242347BC0018EC1F /* EnemySoldierNode.m */; };
		87127E0A242347C90018EC1F /* EnemyBossNode.m in Sources */ = {isa = PBXBuildFile; fileRef = 87127E09242347C90018EC1F /* EnemyBossNode.m */; };
		87127E0D24234AAD0018EC1F /* BulletNode.m in Sources */ = {isa = PBXBuildFile; fileRef = 87127E0C24234AAD0018EC1F /* BulletNode.m */; };
		87127E1024234B9F0018EC1F /* SmallBulletNode.m in Sources */ = {isa = PBXBuildFile; fileRef = 87127E0F24234B9F0018EC1F /* SmallBulletNode.m */; };
		87127E1324234BB70018EC1F /* BigBulletNode.m in Sources */ = {isa = PBXBuildFile; fileRef = 87127E1224234BB70018EC1F /* BigBulletNode.m */; };
		87311C592422278A00189EA7 /* AppDelegate.m in Sources */ = {isa = PBXBuildFile; fileRef = 87311C582422278A00189EA7 /* AppDelegate.m */; };
		87311C632422278A00189EA7 /* GameViewController.m in Sources */ = {isa = PBXBuildFile; fileRef = 87311C622422278A00189EA7 /* GameViewController.m */; };
		87311C662422278A00189EA7 /* Main.storyboard in Resources */ = {isa = PBXBuildFile; fileRef = 87311C642422278A00189EA7 /* Main.storyboard */; };
		87311C682422278B00189EA7 /* Assets.xcassets in Resources */ = {isa = PBXBuildFile; fileRef = 87311C672422278B00189EA7 /* Assets.xcassets */; };
		87311C6B2422278B00189EA7 /* LaunchScreen.storyboard in Resources */ = {isa = PBXBuildFile; fileRef = 87311C692422278B00189EA7 /* LaunchScreen.storyboard */; };
		87311C6E2422278B00189EA7 /* main.m in Sources */ = {isa = PBXBuildFile; fileRef = 87311C6D2422278B00189EA7 /* main.m */; };
		87311C782422278C00189EA7 /* DLGame2Tests.m in Sources */ = {isa = PBXBuildFile; fileRef = 87311C772422278C00189EA7 /* DLGame2Tests.m */; };
		87311C832422278C00189EA7 /* DLGame2UITests.m in Sources */ = {isa = PBXBuildFile; fileRef = 87311C822422278C00189EA7 /* DLGame2UITests.m */; };
		87AF89A62423022F0021F8CC /* MainScene.m in Sources */ = {isa = PBXBuildFile; fileRef = 87AF89A52423022F0021F8CC /* MainScene.m */; };
		87AF89AE24230D720021F8CC /* me.atlas in Resources */ = {isa = PBXBuildFile; fileRef = 87AF89A724230D720021F8CC /* me.atlas */; };
		87AF89AF24230D720021F8CC /* enemy2_down.atlas in Resources */ = {isa = PBXBuildFile; fileRef = 87AF89A824230D720021F8CC /* enemy2_down.atlas */; };
		87AF89B024230D720021F8CC /* me_destory.atlas in Resources */ = {isa = PBXBuildFile; fileRef = 87AF89A924230D720021F8CC /* me_destory.atlas */; };
		87AF89B124230D720021F8CC /* enemy3_n.atlas in Resources */ = {isa = PBXBuildFile; fileRef = 87AF89AA24230D720021F8CC /* enemy3_n.atlas */; };
		87AF89B224230D720021F8CC /* bullet.atlas in Resources */ = {isa = PBXBuildFile; fileRef = 87AF89AB24230D720021F8CC /* bullet.atlas */; };
		87AF89B324230D720021F8CC /* enemy1_down.atlas in Resources */ = {isa = PBXBuildFile; fileRef = 87AF89AC24230D720021F8CC /* enemy1_down.atlas */; };
		87AF89B424230D720021F8CC /* enemy3_down.atlas in Resources */ = {isa = PBXBuildFile; fileRef = 87AF89AD24230D720021F8CC /* enemy3_down.atlas */; };
		87AF89C4242341890021F8CC /* UserNode.m in Sources */ = {isa = PBXBuildFile; fileRef = 87AF89C3242341890021F8CC /* UserNode.m */; };
/* End PBXBuildFile section */

/* Begin PBXContainerItemProxy section */
		87311C742422278C00189EA7 /* PBXContainerItemProxy */ = {
			isa = PBXContainerItemProxy;
			containerPortal = 87311C4C2422278A00189EA7 /* Project object */;
			proxyType = 1;
			remoteGlobalIDString = 87311C532422278A00189EA7;
			remoteInfo = DLGame2;
		};
		87311C7F2422278C00189EA7 /* PBXContainerItemProxy */ = {
			isa = PBXContainerItemProxy;
			containerPortal = 87311C4C2422278A00189EA7 /* Project object */;
			proxyType = 1;
			remoteGlobalIDString = 87311C532422278A00189EA7;
			remoteInfo = DLGame2;
		};
/* End PBXContainerItemProxy section */

/* Begin PBXFileReference section */
		87127E02242347140018EC1F /* EnemyNode.h */ = {isa = PBXFileReference; lastKnownFileType = sourcecode.c.h; path = EnemyNode.h; sourceTree = "<group>"; };
		87127E03242347140018EC1F /* EnemyNode.m */ = {isa = PBXFileReference; lastKnownFileType = sourcecode.c.objc; path = EnemyNode.m; sourceTree = "<group>"; };
		87127E05242347BC0018EC1F /* EnemySoldierNode.h */ = {isa = PBXFileReference; lastKnownFileType = sourcecode.c.h; path = EnemySoldierNode.h; sourceTree = "<group>"; };
		87127E06242347BC0018EC1F /* EnemySoldierNode.m */ = {isa = PBXFileReference; lastKnownFileType = sourcecode.c.objc; path = EnemySoldierNode.m; sourceTree = "<group>"; };
		87127E08242347C90018EC1F /* EnemyBossNode.h */ = {isa = PBXFileReference; lastKnownFileType = sourcecode.c.h; path = EnemyBossNode.h; sourceTree = "<group>"; };
		87127E09242347C90018EC1F /* EnemyBossNode.m */ = {isa = PBXFileReference; lastKnownFileType = sourcecode.c.objc; path = EnemyBossNode.m; sourceTree = "<group>"; };
		87127E0B24234AAD0018EC1F /* BulletNode.h */ = {isa = PBXFileReference; lastKnownFileType = sourcecode.c.h; path = BulletNode.h; sourceTree = "<group>"; };
		87127E0C24234AAD0018EC1F /* BulletNode.m */ = {isa = PBXFileReference; lastKnownFileType = sourcecode.c.objc; path = BulletNode.m; sourceTree = "<group>"; };
		87127E0E24234B9F0018EC1F /* SmallBulletNode.h */ = {isa = PBXFileReference; lastKnownFileType = sourcecode.c.h; path = SmallBulletNode.h; sourceTree = "<group>"; };
		87127E0F24234B9F0018EC1F /* SmallBulletNode.m */ = {isa = PBXFileReference; lastKnownFileType = sourcecode.c.objc; path = SmallBulletNode.m; sourceTree = "<group>"; };
		87127E1124234BB70018EC1F /* BigBulletNode.h */ = {isa = PBXFileReference; lastKnownFileType = sourcecode.c.h; path = BigBulletNode.h; sourceTree = "<group>"; };
		87127E1224234BB70018EC1F /* BigBulletNode.m */ = {isa = PBXFileReference; lastKnownFileType = sourcecode.c.objc; path = BigBulletNode.m; sourceTree = "<group>"; };
		87127E1424234EF60018EC1F /* Header.h */ = {isa = PBXFileReference; lastKnownFileType = sourcecode.c.h; path = Header.h; sourceTree = "<group>"; };
		87311C542422278A00189EA7 /* DLGame2.app */ = {isa = PBXFileReference; explicitFileType = wrapper.application; includeInIndex = 0; path = DLGame2.app; sourceTree = BUILT_PRODUCTS_DIR; };
		87311C572422278A00189EA7 /* AppDelegate.h */ = {isa = PBXFileReference; lastKnownFileType = sourcecode.c.h; path = AppDelegate.h; sourceTree = "<group>"; };
		87311C582422278A00189EA7 /* AppDelegate.m */ = {isa = PBXFileReference; lastKnownFileType = sourcecode.c.objc; path = AppDelegate.m; sourceTree = "<group>"; };
		87311C612422278A00189EA7 /* GameViewController.h */ = {isa = PBXFileReference; lastKnownFileType = sourcecode.c.h; path = GameViewController.h; sourceTree = "<group>"; };
		87311C622422278A00189EA7 /* GameViewController.m */ = {isa = PBXFileReference; lastKnownFileType = sourcecode.c.objc; path = GameViewController.m; sourceTree = "<group>"; };
		87311C652422278A00189EA7 /* Base */ = {isa = PBXFileReference; lastKnownFileType = file.storyboard; name = Base; path = Base.lproj/Main.storyboard; sourceTree = "<group>"; };
		87311C672422278B00189EA7 /* Assets.xcassets */ = {isa = PBXFileReference; lastKnownFileType = folder.assetcatalog; path = Assets.xcassets; sourceTree = "<group>"; };
		87311C6A2422278B00189EA7 /* Base */ = {isa = PBXFileReference; lastKnownFileType = file.storyboard; name = Base; path = Base.lproj/LaunchScreen.storyboard; sourceTree = "<group>"; };
		87311C6C2422278B00189EA7 /* Info.plist */ = {isa = PBXFileReference; lastKnownFileType = text.plist.xml; path = Info.plist; sourceTree = "<group>"; };
		87311C6D2422278B00189EA7 /* main.m */ = {isa = PBXFileReference; lastKnownFileType = sourcecode.c.objc; path = main.m; sourceTree = "<group>"; };
		87311C732422278C00189EA7 /* DLGame2Tests.xctest */ = {isa = PBXFileReference; explicitFileType = wrapper.cfbundle; includeInIndex = 0; path = DLGame2Tests.xctest; sourceTree = BUILT_PRODUCTS_DIR; };
		87311C772422278C00189EA7 /* DLGame2Tests.m */ = {isa = PBXFileReference; lastKnownFileType = sourcecode.c.objc; path = DLGame2Tests.m; sourceTree = "<group>"; };
		87311C792422278C00189EA7 /* Info.plist */ = {isa = PBXFileReference; lastKnownFileType = text.plist.xml; path = Info.plist; sourceTree = "<group>"; };
		87311C7E2422278C00189EA7 /* DLGame2UITests.xctest */ = {isa = PBXFileReference; explicitFileType = wrapper.cfbundle; includeInIndex = 0; path = DLGame2UITests.xctest; sourceTree = BUILT_PRODUCTS_DIR; };
		87311C822422278C00189EA7 /* DLGame2UITests.m */ = {isa = PBXFileReference; lastKnownFileType = sourcecode.c.objc; path = DLGame2UITests.m; sourceTree = "<group>"; };
		87311C842422278C00189EA7 /* Info.plist */ = {isa = PBXFileReference; lastKnownFileType = text.plist.xml; path = Info.plist; sourceTree = "<group>"; };
		87AF89A42423022F0021F8CC /* MainScene.h */ = {isa = PBXFileReference; lastKnownFileType = sourcecode.c.h; path = MainScene.h; sourceTree = "<group>"; };
		87AF89A52423022F0021F8CC /* MainScene.m */ = {isa = PBXFileReference; lastKnownFileType = sourcecode.c.objc; path = MainScene.m; sourceTree = "<group>"; };
		87AF89A724230D720021F8CC /* me.atlas */ = {isa = PBXFileReference; lastKnownFileType = folder.skatlas; path = me.atlas; sourceTree = "<group>"; };
		87AF89A824230D720021F8CC /* enemy2_down.atlas */ = {isa = PBXFileReference; lastKnownFileType = folder.skatlas; path = enemy2_down.atlas; sourceTree = "<group>"; };
		87AF89A924230D720021F8CC /* me_destory.atlas */ = {isa = PBXFileReference; lastKnownFileType = folder.skatlas; path = me_destory.atlas; sourceTree = "<group>"; };
		87AF89AA24230D720021F8CC /* enemy3_n.atlas */ = {isa = PBXFileReference; lastKnownFileType = folder.skatlas; path = enemy3_n.atlas; sourceTree = "<group>"; };
		87AF89AB24230D720021F8CC /* bullet.atlas */ = {isa = PBXFileReference; lastKnownFileType = folder.skatlas; path = bullet.atlas; sourceTree = "<group>"; };
		87AF89AC24230D720021F8CC /* enemy1_down.atlas */ = {isa = PBXFileReference; lastKnownFileType = folder.skatlas; path = enemy1_down.atlas; sourceTree = "<group>"; };
		87AF89AD24230D720021F8CC /* enemy3_down.atlas */ = {isa = PBXFileReference; lastKnownFileType = folder.skatlas; path = enemy3_down.atlas; sourceTree = "<group>"; };
		87AF89C2242341890021F8CC /* UserNode.h */ = {isa = PBXFileReference; lastKnownFileType = sourcecode.c.h; path = UserNode.h; sourceTree = "<group>"; };
		87AF89C3242341890021F8CC /* UserNode.m */ = {isa = PBXFileReference; lastKnownFileType = sourcecode.c.objc; path = UserNode.m; sourceTree = "<group>"; };
/* End PBXFileReference section */

/* Begin PBXFrameworksBuildPhase section */
		87311C512422278A00189EA7 /* Frameworks */ = {
			isa = PBXFrameworksBuildPhase;
			buildActionMask = 2147483647;
			files = (
			);
			runOnlyForDeploymentPostprocessing = 0;
		};
		87311C702422278C00189EA7 /* Frameworks */ = {
			isa = PBXFrameworksBuildPhase;
			buildActionMask = 2147483647;
			files = (
			);
			runOnlyForDeploymentPostprocessing = 0;
		};
		87311C7B2422278C00189EA7 /* Frameworks */ = {
			isa = PBXFrameworksBuildPhase;
			buildActionMask = 2147483647;
			files = (
			);
			runOnlyForDeploymentPostprocessing = 0;
		};
/* End PBXFrameworksBuildPhase section */

/* Begin PBXGroup section */
		87311C4B2422278A00189EA7 = {
			isa = PBXGroup;
			children = (
				87311C562422278A00189EA7 /* DLGame2 */,
				87311C762422278C00189EA7 /* DLGame2Tests */,
				87311C812422278C00189EA7 /* DLGame2UITests */,
				87311C552422278A00189EA7 /* Products */,
			);
			sourceTree = "<group>";
		};
		87311C552422278A00189EA7 /* Products */ = {
			isa = PBXGroup;
			children = (
				87311C542422278A00189EA7 /* DLGame2.app */,
				87311C732422278C00189EA7 /* DLGame2Tests.xctest */,
				87311C7E2422278C00189EA7 /* DLGame2UITests.xctest */,
			);
			name = Products;
			sourceTree = "<group>";
		};
		87311C562422278A00189EA7 /* DLGame2 */ = {
			isa = PBXGroup;
			children = (
				87311C572422278A00189EA7 /* AppDelegate.h */,
				87311C582422278A00189EA7 /* AppDelegate.m */,
				87AF89A42423022F0021F8CC /* MainScene.h */,
				87AF89A52423022F0021F8CC /* MainScene.m */,
				87AF89C2242341890021F8CC /* UserNode.h */,
				87AF89C3242341890021F8CC /* UserNode.m */,
				87127E02242347140018EC1F /* EnemyNode.h */,
				87127E03242347140018EC1F /* EnemyNode.m */,
				87127E05242347BC0018EC1F /* EnemySoldierNode.h */,
				87127E06242347BC0018EC1F /* EnemySoldierNode.m */,
				87127E08242347C90018EC1F /* EnemyBossNode.h */,
				87127E09242347C90018EC1F /* EnemyBossNode.m */,
				87127E0B24234AAD0018EC1F /* BulletNode.h */,
				87127E0C24234AAD0018EC1F /* BulletNode.m */,
				87127E0E24234B9F0018EC1F /* SmallBulletNode.h */,
				87127E0F24234B9F0018EC1F /* SmallBulletNode.m */,
				87127E1124234BB70018EC1F /* BigBulletNode.h */,
				87127E1224234BB70018EC1F /* BigBulletNode.m */,
				87127E1424234EF60018EC1F /* Header.h */,
				87311C612422278A00189EA7 /* GameViewController.h */,
				87311C622422278A00189EA7 /* GameViewController.m */,
				87AF89AB24230D720021F8CC /* bullet.atlas */,
				87AF89AC24230D720021F8CC /* enemy1_down.atlas */,
				87AF89A824230D720021F8CC /* enemy2_down.atlas */,
				87AF89AD24230D720021F8CC /* enemy3_down.atlas */,
				87AF89AA24230D720021F8CC /* enemy3_n.atlas */,
				87AF89A924230D720021F8CC /* me_destory.atlas */,
				87AF89A724230D720021F8CC /* me.atlas */,
				87311C642422278A00189EA7 /* Main.storyboard */,
				87311C672422278B00189EA7 /* Assets.xcassets */,
				87311C692422278B00189EA7 /* LaunchScreen.storyboard */,
				87311C6C2422278B00189EA7 /* Info.plist */,
				87311C6D2422278B00189EA7 /* main.m */,
			);
			path = DLGame2;
			sourceTree = "<group>";
		};
		87311C762422278C00189EA7 /* DLGame2Tests */ = {
			isa = PBXGroup;
			children = (
				87311C772422278C00189EA7 /* DLGame2Tests.m */,
				87311C792422278C00189EA7 /* Info.plist */,
			);
			path = DLGame2Tests;
			sourceTree = "<group>";
		};
		87311C812422278C00189EA7 /* DLGame2UITests */ = {
			isa = PBXGroup;
			children = (
				87311C822422278C00189EA7 /* DLGame2UITests.m */,
				87311C842422278C00189EA7 /* Info.plist */,
			);
			path = DLGame2UITests;
			sourceTree = "<group>";
		};
/* End PBXGroup section */

/* Begin PBXNativeTarget section */
		87311C532422278A00189EA7 /* DLGame2 */ = {
			isa = PBXNativeTarget;
			buildConfigurationList = 87311C872422278C00189EA7 /* Build configuration list for PBXNativeTarget "DLGame2" */;
			buildPhases = (
				87311C502422278A00189EA7 /* Sources */,
				87311C512422278A00189EA7 /* Frameworks */,
				87311C522422278A00189EA7 /* Resources */,
			);
			buildRules = (
			);
			dependencies = (
			);
			name = DLGame2;
			productName = DLGame2;
			productReference = 87311C542422278A00189EA7 /* DLGame2.app */;
			productType = "com.apple.product-type.application";
		};
		87311C722422278C00189EA7 /* DLGame2Tests */ = {
			isa = PBXNativeTarget;
			buildConfigurationList = 87311C8A2422278C00189EA7 /* Build configuration list for PBXNativeTarget "DLGame2Tests" */;
			buildPhases = (
				87311C6F2422278C00189EA7 /* Sources */,
				87311C702422278C00189EA7 /* Frameworks */,
				87311C712422278C00189EA7 /* Resources */,
			);
			buildRules = (
			);
			dependencies = (
				87311C752422278C00189EA7 /* PBXTargetDependency */,
			);
			name = DLGame2Tests;
			productName = DLGame2Tests;
			productReference = 87311C732422278C00189EA7 /* DLGame2Tests.xctest */;
			productType = "com.apple.product-type.bundle.unit-test";
		};
		87311C7D2422278C00189EA7 /* DLGame2UITests */ = {
			isa = PBXNativeTarget;
			buildConfigurationList = 87311C8D2422278C00189EA7 /* Build configuration list for PBXNativeTarget "DLGame2UITests" */;
			buildPhases = (
				87311C7A2422278C00189EA7 /* Sources */,
				87311C7B2422278C00189EA7 /* Frameworks */,
				87311C7C2422278C00189EA7 /* Resources */,
			);
			buildRules = (
			);
			dependencies = (
				87311C802422278C00189EA7 /* PBXTargetDependency */,
			);
			name = DLGame2UITests;
			productName = DLGame2UITests;
			productReference = 87311C7E2422278C00189EA7 /* DLGame2UITests.xctest */;
			productType = "com.apple.product-type.bundle.ui-testing";
		};
/* End PBXNativeTarget section */

/* Begin PBXProject section */
		87311C4C2422278A00189EA7 /* Project object */ = {
			isa = PBXProject;
			attributes = {
				LastUpgradeCheck = 1110;
				ORGANIZATIONNAME = tanqiu;
				TargetAttributes = {
					87311C532422278A00189EA7 = {
						CreatedOnToolsVersion = 11.1;
					};
					87311C722422278C00189EA7 = {
						CreatedOnToolsVersion = 11.1;
						TestTargetID = 87311C532422278A00189EA7;
					};
					87311C7D2422278C00189EA7 = {
						CreatedOnToolsVersion = 11.1;
						TestTargetID = 87311C532422278A00189EA7;
					};
				};
			};
			buildConfigurationList = 87311C4F2422278A00189EA7 /* Build configuration list for PBXProject "DLGame2" */;
			compatibilityVersion = "Xcode 9.3";
			developmentRegion = en;
			hasScannedForEncodings = 0;
			knownRegions = (
				en,
				Base,
			);
			mainGroup = 87311C4B2422278A00189EA7;
			productRefGroup = 87311C552422278A00189EA7 /* Products */;
			projectDirPath = "";
			projectRoot = "";
			targets = (
				87311C532422278A00189EA7 /* DLGame2 */,
				87311C722422278C00189EA7 /* DLGame2Tests */,
				87311C7D2422278C00189EA7 /* DLGame2UITests */,
			);
		};
/* End PBXProject section */

/* Begin PBXResourcesBuildPhase section */
		87311C522422278A00189EA7 /* Resources */ = {
			isa = PBXResourcesBuildPhase;
			buildActionMask = 2147483647;
			files = (
				87311C662422278A00189EA7 /* Main.storyboard in Resources */,
				87AF89AE24230D720021F8CC /* me.atlas in Resources */,
				87AF89B424230D720021F8CC /* enemy3_down.atlas in Resources */,
				87AF89B024230D720021F8CC /* me_destory.atlas in Resources */,
				87AF89B324230D720021F8CC /* enemy1_down.atlas in Resources */,
				87311C682422278B00189EA7 /* Assets.xcassets in Resources */,
				87AF89AF24230D720021F8CC /* enemy2_down.atlas in Resources */,
				87AF89B124230D720021F8CC /* enemy3_n.atlas in Resources */,
				87311C6B2422278B00189EA7 /* LaunchScreen.storyboard in Resources */,
				87AF89B224230D720021F8CC /* bullet.atlas in Resources */,
			);
			runOnlyForDeploymentPostprocessing = 0;
		};
		87311C712422278C00189EA7 /* Resources */ = {
			isa = PBXResourcesBuildPhase;
			buildActionMask = 2147483647;
			files = (
			);
			runOnlyForDeploymentPostprocessing = 0;
		};
		87311C7C2422278C00189EA7 /* Resources */ = {
			isa = PBXResourcesBuildPhase;
			buildActionMask = 2147483647;
			files = (
			);
			runOnlyForDeploymentPostprocessing = 0;
		};
/* End PBXResourcesBuildPhase section */

/* Begin PBXSourcesBuildPhase section */
		87311C502422278A00189EA7 /* Sources */ = {
			isa = PBXSourcesBuildPhase;
			buildActionMask = 2147483647;
			files = (
				87311C632422278A00189EA7 /* GameViewController.m in Sources */,
				87127E1024234B9F0018EC1F /* SmallBulletNode.m in Sources */,
				87127E1324234BB70018EC1F /* BigBulletNode.m in Sources */,
				87127E0D24234AAD0018EC1F /* BulletNode.m in Sources */,
				87AF89A62423022F0021F8CC /* MainScene.m in Sources */,
				87127E07242347BC0018EC1F /* EnemySoldierNode.m in Sources */,
				87127E04242347140018EC1F /* EnemyNode.m in Sources */,
				87311C6E2422278B00189EA7 /* main.m in Sources */,
				87127E0A242347C90018EC1F /* EnemyBossNode.m in Sources */,
				87AF89C4242341890021F8CC /* UserNode.m in Sources */,
				87311C592422278A00189EA7 /* AppDelegate.m in Sources */,
			);
			runOnlyForDeploymentPostprocessing = 0;
		};
		87311C6F2422278C00189EA7 /* Sources */ = {
			isa = PBXSourcesBuildPhase;
			buildActionMask = 2147483647;
			files = (
				87311C782422278C00189EA7 /* DLGame2Tests.m in Sources */,
			);
			runOnlyForDeploymentPostprocessing = 0;
		};
		87311C7A2422278C00189EA7 /* Sources */ = {
			isa = PBXSourcesBuildPhase;
			buildActionMask = 2147483647;
			files = (
				87311C832422278C00189EA7 /* DLGame2UITests.m in Sources */,
			);
			runOnlyForDeploymentPostprocessing = 0;
		};
/* End PBXSourcesBuildPhase section */

/* Begin PBXTargetDependency section */
		87311C752422278C00189EA7 /* PBXTargetDependency */ = {
			isa = PBXTargetDependency;
			target = 87311C532422278A00189EA7 /* DLGame2 */;
			targetProxy = 87311C742422278C00189EA7 /* PBXContainerItemProxy */;
		};
		87311C802422278C00189EA7 /* PBXTargetDependency */ = {
			isa = PBXTargetDependency;
			target = 87311C532422278A00189EA7 /* DLGame2 */;
			targetProxy = 87311C7F2422278C00189EA7 /* PBXContainerItemProxy */;
		};
/* End PBXTargetDependency section */

/* Begin PBXVariantGroup section */
		87311C642422278A00189EA7 /* Main.storyboard */ = {
			isa = PBXVariantGroup;
			children = (
				87311C652422278A00189EA7 /* Base */,
			);
			name = Main.storyboard;
			sourceTree = "<group>";
		};
		87311C692422278B00189EA7 /* LaunchScreen.storyboard */ = {
			isa = PBXVariantGroup;
			children = (
				87311C6A2422278B00189EA7 /* Base */,
			);
			name = LaunchScreen.storyboard;
			sourceTree = "<group>";
		};
/* End PBXVariantGroup section */

/* Begin XCBuildConfiguration section */
		87311C852422278C00189EA7 /* Debug */ = {
			isa = XCBuildConfiguration;
			buildSettings = {
				ALWAYS_SEARCH_USER_PATHS = NO;
				CLANG_ANALYZER_NONNULL = YES;
				CLANG_ANALYZER_NUMBER_OBJECT_CONVERSION = YES_AGGRESSIVE;
				CLANG_CXX_LANGUAGE_STANDARD = "gnu++14";
				CLANG_CXX_LIBRARY = "libc++";
				CLANG_ENABLE_MODULES = YES;
				CLANG_ENABLE_OBJC_ARC = YES;
				CLANG_ENABLE_OBJC_WEAK = YES;
				CLANG_WARN_BLOCK_CAPTURE_AUTORELEASING = YES;
				CLANG_WARN_BOOL_CONVERSION = YES;
				CLANG_WARN_COMMA = YES;
				CLANG_WARN_CONSTANT_CONVERSION = YES;
				CLANG_WARN_DEPRECATED_OBJC_IMPLEMENTATIONS = YES;
				CLANG_WARN_DIRECT_OBJC_ISA_USAGE = YES_ERROR;
				CLANG_WARN_DOCUMENTATION_COMMENTS = YES;
				CLANG_WARN_EMPTY_BODY = YES;
				CLANG_WARN_ENUM_CONVERSION = YES;
				CLANG_WARN_INFINITE_RECURSION = YES;
				CLANG_WARN_INT_CONVERSION = YES;
				CLANG_WARN_NON_LITERAL_NULL_CONVERSION = YES;
				CLANG_WARN_OBJC_IMPLICIT_RETAIN_SELF = YES;
				CLANG_WARN_OBJC_LITERAL_CONVERSION = YES;
				CLANG_WARN_OBJC_ROOT_CLASS = YES_ERROR;
				CLANG_WARN_RANGE_LOOP_ANALYSIS = YES;
				CLANG_WARN_STRICT_PROTOTYPES = YES;
				CLANG_WARN_SUSPICIOUS_MOVE = YES;
				CLANG_WARN_UNGUARDED_AVAILABILITY = YES_AGGRESSIVE;
				CLANG_WARN_UNREACHABLE_CODE = YES;
				CLANG_WARN__DUPLICATE_METHOD_MATCH = YES;
				COPY_PHASE_STRIP = NO;
				DEBUG_INFORMATION_FORMAT = dwarf;
				ENABLE_STRICT_OBJC_MSGSEND = YES;
				ENABLE_TESTABILITY = YES;
				GCC_C_LANGUAGE_STANDARD = gnu11;
				GCC_DYNAMIC_NO_PIC = NO;
				GCC_NO_COMMON_BLOCKS = YES;
				GCC_OPTIMIZATION_LEVEL = 0;
				GCC_PREPROCESSOR_DEFINITIONS = (
					"DEBUG=1",
					"$(inherited)",
				);
				GCC_WARN_64_TO_32_BIT_CONVERSION = YES;
				GCC_WARN_ABOUT_RETURN_TYPE = YES_ERROR;
				GCC_WARN_UNDECLARED_SELECTOR = YES;
				GCC_WARN_UNINITIALIZED_AUTOS = YES_AGGRESSIVE;
				GCC_WARN_UNUSED_FUNCTION = YES;
				GCC_WARN_UNUSED_VARIABLE = YES;
				IPHONEOS_DEPLOYMENT_TARGET = 13.1;
				MTL_ENABLE_DEBUG_INFO = INCLUDE_SOURCE;
				MTL_FAST_MATH = YES;
				ONLY_ACTIVE_ARCH = YES;
				SDKROOT = iphoneos;
			};
			name = Debug;
		};
		87311C862422278C00189EA7 /* Release */ = {
			isa = XCBuildConfiguration;
			buildSettings = {
				ALWAYS_SEARCH_USER_PATHS = NO;
				CLANG_ANALYZER_NONNULL = YES;
				CLANG_ANALYZER_NUMBER_OBJECT_CONVERSION = YES_AGGRESSIVE;
				CLANG_CXX_LANGUAGE_STANDARD = "gnu++14";
				CLANG_CXX_LIBRARY = "libc++";
				CLANG_ENABLE_MODULES = YES;
				CLANG_ENABLE_OBJC_ARC = YES;
				CLANG_ENABLE_OBJC_WEAK = YES;
				CLANG_WARN_BLOCK_CAPTURE_AUTORELEASING = YES;
				CLANG_WARN_BOOL_CONVERSION = YES;
				CLANG_WARN_COMMA = YES;
				CLANG_WARN_CONSTANT_CONVERSION = YES;
				CLANG_WARN_DEPRECATED_OBJC_IMPLEMENTATIONS = YES;
				CLANG_WARN_DIRECT_OBJC_ISA_USAGE = YES_ERROR;
				CLANG_WARN_DOCUMENTATION_COMMENTS = YES;
				CLANG_WARN_EMPTY_BODY = YES;
				CLANG_WARN_ENUM_CONVERSION = YES;
				CLANG_WARN_INFINITE_RECURSION = YES;
				CLANG_WARN_INT_CONVERSION = YES;
				CLANG_WARN_NON_LITERAL_NULL_CONVERSION = YES;
				CLANG_WARN_OBJC_IMPLICIT_RETAIN_SELF = YES;
				CLANG_WARN_OBJC_LITERAL_CONVERSION = YES;
				CLANG_WARN_OBJC_ROOT_CLASS = YES_ERROR;
				CLANG_WARN_RANGE_LOOP_ANALYSIS = YES;
				CLANG_WARN_STRICT_PROTOTYPES = YES;
				CLANG_WARN_SUSPICIOUS_MOVE = YES;
				CLANG_WARN_UNGUARDED_AVAILABILITY = YES_AGGRESSIVE;
				CLANG_WARN_UNREACHABLE_CODE = YES;
				CLANG_WARN__DUPLICATE_METHOD_MATCH = YES;
				COPY_PHASE_STRIP = NO;
				DEBUG_INFORMATION_FORMAT = "dwarf-with-dsym";
				ENABLE_NS_ASSERTIONS = NO;
				ENABLE_STRICT_OBJC_MSGSEND = YES;
				GCC_C_LANGUAGE_STANDARD = gnu11;
				GCC_NO_COMMON_BLOCKS = YES;
				GCC_WARN_64_TO_32_BIT_CONVERSION = YES;
				GCC_WARN_ABOUT_RETURN_TYPE = YES_ERROR;
				GCC_WARN_UNDECLARED_SELECTOR = YES;
				GCC_WARN_UNINITIALIZED_AUTOS = YES_AGGRESSIVE;
				GCC_WARN_UNUSED_FUNCTION = YES;
				GCC_WARN_UNUSED_VARIABLE = YES;
				IPHONEOS_DEPLOYMENT_TARGET = 13.1;
				MTL_ENABLE_DEBUG_INFO = NO;
				MTL_FAST_MATH = YES;
				SDKROOT = iphoneos;
				VALIDATE_PRODUCT = YES;
			};
			name = Release;
		};
		87311C882422278C00189EA7 /* Debug */ = {
			isa = XCBuildConfiguration;
			buildSettings = {
				ASSETCATALOG_COMPILER_APPICON_NAME = AppIcon;
				CODE_SIGN_STYLE = Automatic;
				DEVELOPMENT_TEAM = J5ULG23TK3;
				INFOPLIST_FILE = DLGame2/Info.plist;
				LD_RUNPATH_SEARCH_PATHS = (
					"$(inherited)",
					"@executable_path/Frameworks",
				);
				PRODUCT_BUNDLE_IDENTIFIER = com.lelouch.1.DLGame2;
				PRODUCT_NAME = "$(TARGET_NAME)";
				TARGETED_DEVICE_FAMILY = "1,2";
			};
			name = Debug;
		};
		87311C892422278C00189EA7 /* Release */ = {
			isa = XCBuildConfiguration;
			buildSettings = {
				ASSETCATALOG_COMPILER_APPICON_NAME = AppIcon;
				CODE_SIGN_STYLE = Automatic;
				DEVELOPMENT_TEAM = J5ULG23TK3;
				INFOPLIST_FILE = DLGame2/Info.plist;
				LD_RUNPATH_SEARCH_PATHS = (
					"$(inherited)",
					"@executable_path/Frameworks",
				);
				PRODUCT_BUNDLE_IDENTIFIER = com.lelouch.1.DLGame2;
				PRODUCT_NAME = "$(TARGET_NAME)";
				TARGETED_DEVICE_FAMILY = "1,2";
			};
			name = Release;
		};
		87311C8B2422278C00189EA7 /* Debug */ = {
			isa = XCBuildConfiguration;
			buildSettings = {
				BUNDLE_LOADER = "$(TEST_HOST)";
				CODE_SIGN_STYLE = Automatic;
				DEVELOPMENT_TEAM = J5ULG23TK3;
				INFOPLIST_FILE = DLGame2Tests/Info.plist;
				IPHONEOS_DEPLOYMENT_TARGET = 13.1;
				LD_RUNPATH_SEARCH_PATHS = (
					"$(inherited)",
					"@executable_path/Frameworks",
					"@loader_path/Frameworks",
				);
				PRODUCT_BUNDLE_IDENTIFIER = com.lelouch.1.DLGame2Tests;
				PRODUCT_NAME = "$(TARGET_NAME)";
				TARGETED_DEVICE_FAMILY = "1,2";
				TEST_HOST = "$(BUILT_PRODUCTS_DIR)/DLGame2.app/DLGame2";
			};
			name = Debug;
		};
		87311C8C2422278C00189EA7 /* Release */ = {
			isa = XCBuildConfiguration;
			buildSettings = {
				BUNDLE_LOADER = "$(TEST_HOST)";
				CODE_SIGN_STYLE = Automatic;
				DEVELOPMENT_TEAM = J5ULG23TK3;
				INFOPLIST_FILE = DLGame2Tests/Info.plist;
				IPHONEOS_DEPLOYMENT_TARGET = 13.1;
				LD_RUNPATH_SEARCH_PATHS = (
					"$(inherited)",
					"@executable_path/Frameworks",
					"@loader_path/Frameworks",
				);
				PRODUCT_BUNDLE_IDENTIFIER = com.lelouch.1.DLGame2Tests;
				PRODUCT_NAME = "$(TARGET_NAME)";
				TARGETED_DEVICE_FAMILY = "1,2";
				TEST_HOST = "$(BUILT_PRODUCTS_DIR)/DLGame2.app/DLGame2";
			};
			name = Release;
		};
		87311C8E2422278C00189EA7 /* Debug */ = {
			isa = XCBuildConfiguration;
			buildSettings = {
				CODE_SIGN_STYLE = Automatic;
				DEVELOPMENT_TEAM = J5ULG23TK3;
				INFOPLIST_FILE = DLGame2UITests/Info.plist;
				LD_RUNPATH_SEARCH_PATHS = (
					"$(inherited)",
					"@executable_path/Frameworks",
					"@loader_path/Frameworks",
				);
				PRODUCT_BUNDLE_IDENTIFIER = com.lelouch.1.DLGame2UITests;
				PRODUCT_NAME = "$(TARGET_NAME)";
				TARGETED_DEVICE_FAMILY = "1,2";
				TEST_TARGET_NAME = DLGame2;
			};
			name = Debug;
		};
		87311C8F2422278C00189EA7 /* Release */ = {
			isa = XCBuildConfiguration;
			buildSettings = {
				CODE_SIGN_STYLE = Automatic;
				DEVELOPMENT_TEAM = J5ULG23TK3;
				INFOPLIST_FILE = DLGame2UITests/Info.plist;
				LD_RUNPATH_SEARCH_PATHS = (
					"$(inherited)",
					"@executable_path/Frameworks",
					"@loader_path/Frameworks",
				);
				PRODUCT_BUNDLE_IDENTIFIER = com.lelouch.1.DLGame2UITests;
				PRODUCT_NAME = "$(TARGET_NAME)";
				TARGETED_DEVICE_FAMILY = "1,2";
				TEST_TARGET_NAME = DLGame2;
			};
			name = Release;
		};
/* End XCBuildConfiguration section */

/* Begin XCConfigurationList section */
		87311C4F2422278A00189EA7 /* Build configuration list for PBXProject "DLGame2" */ = {
			isa = XCConfigurationList;
			buildConfigurations = (
				87311C852422278C00189EA7 /* Debug */,
				87311C862422278C00189EA7 /* Release */,
			);
			defaultConfigurationIsVisible = 0;
			defaultConfigurationName = Release;
		};
		87311C872422278C00189EA7 /* Build configuration list for PBXNativeTarget "DLGame2" */ = {
			isa = XCConfigurationList;
			buildConfigurations = (
				87311C882422278C00189EA7 /* Debug */,
				87311C892422278C00189EA7 /* Release */,
			);
			defaultConfigurationIsVisible = 0;
			defaultConfigurationName = Release;
		};
		87311C8A2422278C00189EA7 /* Build configuration list for PBXNativeTarget "DLGame2Tests" */ = {
			isa = XCConfigurationList;
			buildConfigurations = (
				87311C8B2422278C00189EA7 /* Debug */,
				87311C8C2422278C00189EA7 /* Release */,
			);
			defaultConfigurationIsVisible = 0;
			defaultConfigurationName = Release;
		};
		87311C8D2422278C00189EA7 /* Build configuration list for PBXNativeTarget "DLGame2UITests" */ = {
			isa = XCConfigurationList;
			buildConfigurations = (
				87311C8E2422278C00189EA7 /* Debug */,
				87311C8F2422278C00189EA7 /* Release */,
			);
			defaultConfigurationIsVisible = 0;
			defaultConfigurationName = Release;
		};
/* End XCConfigurationList section */
	};
	rootObject = 87311C4C2422278A00189EA7 /* Project object */;
}
